
Microsoft Visual Studio Solution File, Format Version 12.00
# Visual Studio Version 17
VisualStudioVersion = 17.14.36414.22 d17.14
MinimumVisualStudioVersion = 10.0.40219.1
Project("{FAE04EC0-301F-11D3-BF4B-00C04F79EFBC}") = "RfidBackend", "RfidBackend.csproj", "{93300BE4-C546-4B2B-B55A-879681CB99B5}"
EndProject
Global
	GlobalSection(SolutionConfigurationPlatforms) = preSolution
		Debug|Any CPU = Debug|Any CPU
		Release|Any CPU = Release|Any CPU
	EndGlobalSection
	GlobalSection(ProjectConfigurationPlatforms) = postSolution
		{93300BE4-C546-4B2B-B55A-879681CB99B5}.Debug|Any CPU.ActiveCfg = Debug|Any CPU
		{93300BE4-C546-4B2B-B55A-879681CB99B5}.Debug|Any CPU.Build.0 = Debug|Any CPU
		{93300BE4-C546-4B2B-B55A-879681CB99B5}.Release|Any CPU.ActiveCfg = Release|Any CPU
		{93300BE4-C546-4B2B-B55A-879681CB99B5}.Release|Any CPU.Build.0 = Release|Any CPU
	EndGlobalSection
	GlobalSection(SolutionProperties) = preSolution
		HideSolutionNode = FALSE
	EndGlobalSection
	GlobalSection(ExtensibilityGlobals) = postSolution
		SolutionGuid = {B3134C61-00B7-4FE6-BD53-DC9209EE4DA2}
	EndGlobalSection
EndGlobal
